
Microsoft Visual Studio Solution File, Format Version 12.00
# Visual Studio 2013
VisualStudioVersion = 12.0.31101.0
MinimumVisualStudioVersion = 10.0.40219.1
Project("{FAE04EC0-301F-11D3-BF4B-00C04F79EFBC}") = "Activities2015", "Activities2015\Activities2015.csproj", "{7D209DBB-702F-409C-AFDF-8FDE3B66FD6C}"
EndProject
Project("{E24C65DC-7377-472B-9ABA-BC803B73C61A}") = "ActivitiesSite2(1)", "http://localhost:49715", "{0365B57E-1A13-41C1-B701-CABE0D60E094}"
	ProjectSection(WebsiteProperties) = preProject
		UseIISExpress = "true"
		TargetFrameworkMoniker = ".NETFramework,Version%3Dv4.5"
		Debug.AspNetCompiler.VirtualPath = "/localhost_49715"
		Debug.AspNetCompiler.PhysicalPath = "WebSites\ActivitiesSite2\"
		Debug.AspNetCompiler.TargetPath = "PrecompiledWeb\localhost_49715\"
		Debug.AspNetCompiler.Updateable = "true"
		Debug.AspNetCompiler.ForceOverwrite = "true"
		Debug.AspNetCompiler.FixedNames = "false"
		Debug.AspNetCompiler.Debug = "True"
		Release.AspNetCompiler.VirtualPath = "/localhost_49715"
		Release.AspNetCompiler.PhysicalPath = "WebSites\ActivitiesSite2\"
		Release.AspNetCompiler.TargetPath = "PrecompiledWeb\localhost_49715\"
		Release.AspNetCompiler.Updateable = "true"
		Release.AspNetCompiler.ForceOverwrite = "true"
		Release.AspNetCompiler.FixedNames = "false"
		Release.AspNetCompiler.Debug = "False"
		SlnRelativePath = "WebSites\ActivitiesSite2\"
	EndProjectSection
EndProject
Project("{E24C65DC-7377-472B-9ABA-BC803B73C61A}") = "ActivitiesSite(1)", "http://localhost:49723", "{76DE44D1-7F98-406A-BE91-A1990D84C498}"
	ProjectSection(WebsiteProperties) = preProject
		UseIISExpress = "true"
		TargetFrameworkMoniker = ".NETFramework,Version%3Dv4.5"
		Debug.AspNetCompiler.VirtualPath = "/localhost_49723"
		Debug.AspNetCompiler.PhysicalPath = "WebSites\ActivitiesSite\"
		Debug.AspNetCompiler.TargetPath = "PrecompiledWeb\localhost_49723\"
		Debug.AspNetCompiler.Updateable = "true"
		Debug.AspNetCompiler.ForceOverwrite = "true"
		Debug.AspNetCompiler.FixedNames = "false"
		Debug.AspNetCompiler.Debug = "True"
		Release.AspNetCompiler.VirtualPath = "/localhost_49723"
		Release.AspNetCompiler.PhysicalPath = "WebSites\ActivitiesSite\"
		Release.AspNetCompiler.TargetPath = "PrecompiledWeb\localhost_49723\"
		Release.AspNetCompiler.Updateable = "true"
		Release.AspNetCompiler.ForceOverwrite = "true"
		Release.AspNetCompiler.FixedNames = "false"
		Release.AspNetCompiler.Debug = "False"
		SlnRelativePath = "WebSites\ActivitiesSite\"
	EndProjectSection
EndProject
Global
	GlobalSection(SolutionConfigurationPlatforms) = preSolution
		Debug|Any CPU = Debug|Any CPU
		Release|Any CPU = Release|Any CPU
	EndGlobalSection
	GlobalSection(ProjectConfigurationPlatforms) = postSolution
		{7D209DBB-702F-409C-AFDF-8FDE3B66FD6C}.Debug|Any CPU.ActiveCfg = Debug|Any CPU
		{7D209DBB-702F-409C-AFDF-8FDE3B66FD6C}.Debug|Any CPU.Build.0 = Debug|Any CPU
		{7D209DBB-702F-409C-AFDF-8FDE3B66FD6C}.Release|Any CPU.ActiveCfg = Release|Any CPU
		{7D209DBB-702F-409C-AFDF-8FDE3B66FD6C}.Release|Any CPU.Build.0 = Release|Any CPU
		{0365B57E-1A13-41C1-B701-CABE0D60E094}.Debug|Any CPU.ActiveCfg = Debug|Any CPU
		{0365B57E-1A13-41C1-B701-CABE0D60E094}.Debug|Any CPU.Build.0 = Debug|Any CPU
		{0365B57E-1A13-41C1-B701-CABE0D60E094}.Release|Any CPU.ActiveCfg = Debug|Any CPU
		{0365B57E-1A13-41C1-B701-CABE0D60E094}.Release|Any CPU.Build.0 = Debug|Any CPU
		{76DE44D1-7F98-406A-BE91-A1990D84C498}.Debug|Any CPU.ActiveCfg = Debug|Any CPU
		{76DE44D1-7F98-406A-BE91-A1990D84C498}.Debug|Any CPU.Build.0 = Debug|Any CPU
		{76DE44D1-7F98-406A-BE91-A1990D84C498}.Release|Any CPU.ActiveCfg = Debug|Any CPU
		{76DE44D1-7F98-406A-BE91-A1990D84C498}.Release|Any CPU.Build.0 = Debug|Any CPU
	EndGlobalSection
	GlobalSection(SolutionProperties) = preSolution
		HideSolutionNode = FALSE
	EndGlobalSection
EndGlobal
